
Microsoft Visual Studio Solution File, Format Version 12.00
# Visual Studio Version 17
VisualStudioVersion = 17.4.33110.190
MinimumVisualStudioVersion = 10.0.40219.1
Project("{FAE04EC0-301F-11D3-BF4B-00C04F79EFBC}") = "Manage Employee Wage using interface approach", "Manage Employee Wage using interface approach.csproj", "{060F8A3C-D8FF-4C2D-8A12-CE47A026B1D7}"
EndProject
Global
	GlobalSection(SolutionConfigurationPlatforms) = preSolution
		Debug|Any CPU = Debug|Any CPU
		Release|Any CPU = Release|Any CPU
	EndGlobalSection
	GlobalSection(ProjectConfigurationPlatforms) = postSolution
		{060F8A3C-D8FF-4C2D-8A12-CE47A026B1D7}.Debug|Any CPU.ActiveCfg = Debug|Any CPU
		{060F8A3C-D8FF-4C2D-8A12-CE47A026B1D7}.Debug|Any CPU.Build.0 = Debug|Any CPU
		{060F8A3C-D8FF-4C2D-8A12-CE47A026B1D7}.Release|Any CPU.ActiveCfg = Release|Any CPU
		{060F8A3C-D8FF-4C2D-8A12-CE47A026B1D7}.Release|Any CPU.Build.0 = Release|Any CPU
	EndGlobalSection
	GlobalSection(SolutionProperties) = preSolution
		HideSolutionNode = FALSE
	EndGlobalSection
	GlobalSection(ExtensibilityGlobals) = postSolution
		SolutionGuid = {1111EC3A-25FA-4991-B6FA-3BE5BCB98DCC}
	EndGlobalSection
EndGlobal
