
Microsoft Visual Studio Solution File, Format Version 12.00
# Visual Studio Version 17
VisualStudioVersion = 17.4.33110.190
MinimumVisualStudioVersion = 10.0.40219.1
Project("{FAE04EC0-301F-11D3-BF4B-00C04F79EFBC}") = "Solving using Switch Case Statement", "Solving using Switch Case Statement.csproj", "{F7AEA23E-75DC-4E01-837A-467F44045C13}"
EndProject
Global
	GlobalSection(SolutionConfigurationPlatforms) = preSolution
		Debug|Any CPU = Debug|Any CPU
		Release|Any CPU = Release|Any CPU
	EndGlobalSection
	GlobalSection(ProjectConfigurationPlatforms) = postSolution
		{F7AEA23E-75DC-4E01-837A-467F44045C13}.Debug|Any CPU.ActiveCfg = Debug|Any CPU
		{F7AEA23E-75DC-4E01-837A-467F44045C13}.Debug|Any CPU.Build.0 = Debug|Any CPU
		{F7AEA23E-75DC-4E01-837A-467F44045C13}.Release|Any CPU.ActiveCfg = Release|Any CPU
		{F7AEA23E-75DC-4E01-837A-467F44045C13}.Release|Any CPU.Build.0 = Release|Any CPU
	EndGlobalSection
	GlobalSection(SolutionProperties) = preSolution
		HideSolutionNode = FALSE
	EndGlobalSection
	GlobalSection(ExtensibilityGlobals) = postSolution
		SolutionGuid = {3712AD6A-4A5F-4FF3-BD58-D8C804D821F4}
	EndGlobalSection
EndGlobal
